memo = "b6f30fa268c55813d65283d8fec7902d8e3968fe2d8aabd7fed0aeb6ad0a2c0a"

[[projects]]
  name = "github.com/gizak/termui"
  packages = ["."]
  revision = "24acd523c756fd9728824cdfac66aad9d8982fb7"
  version = "v2.2.0"

[[projects]]
  name = "github.com/maruel/panicparse"
  packages = ["stack"]
  revision = "766956aceb8ff49664065ae50bef0ae8a0a83ec4"
  version = "v1.0.2"

[[projects]]
  name = "github.com/mattn/go-runewidth"
  packages = ["."]
  revision = "9e777a8366cce605130a531d2cd6363d07ad7317"
  version = "v0.0.2"

[[projects]]
  branch = "master"
  name = "github.com/mitchellh/go-wordwrap"
  packages = ["."]
  revision = "ad45545899c7b13c020ea92b2072220eefad42b8"

[[projects]]
  branch = "master"
  name = "github.com/nsf/termbox-go"
  packages = ["."]
  revision = "aa4a75b1c20a2b03751b1a9f7e41d58bd6f71c43"

[[projects]]
  name = "github.com/timtadh/data-structures"
  packages = ["errors","tree","tree/avl","types"]
  revision = "cd0c1de5390876f92ce0762c9c626a569b124f24"
  version = "v0.5.2"
